<?xml version="1.0" encoding="utf-8"?>
<Project ToolsVersion="4.0" xmlns="http://schemas.microsoft.com/developer/msbuild/2003">
  <ItemGroup>
    <Filter Include="Gratify">
      <UniqueIdentifier>{BB3F2F6E-271F-AE09-3037-39E09C95146B}</UniqueIdentifier>
    </Filter>
    <Filter Include="Gratify\Event">
      <UniqueIdentifier>{4C61F257-B821-6E8E-815C-B70BEDDBB26A}</UniqueIdentifier>
    </Filter>
  </ItemGroup>
  <ItemGroup>
    <ClInclude Include="src\Gratify.h" />
    <ClInclude Include="src\Gratify\Application.h">
      <Filter>Gratify</Filter>
    </ClInclude>
    <ClInclude Include="src\Gratify\Core.h">
      <Filter>Gratify</Filter>
    </ClInclude>
    <ClInclude Include="src\Gratify\EntryPoint.h">
      <Filter>Gratify</Filter>
    </ClInclude>
    <ClInclude Include="src\Gratify\Event\ApplicationEvent.h">
      <Filter>Gratify\Event</Filter>
    </ClInclude>
    <ClInclude Include="src\Gratify\Event\Event.h">
      <Filter>Gratify\Event</Filter>
    </ClInclude>
    <ClInclude Include="src\Gratify\Event\KeyEvent.h">
      <Filter>Gratify\Event</Filter>
    </ClInclude>
    <ClInclude Include="src\Gratify\Event\MouseEvent.h">
      <Filter>Gratify\Event</Filter>
    </ClInclude>
    <ClInclude Include="src\Gratify\Log.h">
      <Filter>Gratify</Filter>
    </ClInclude>
    <ClInclude Include="src\gfpch.h" />
  </ItemGroup>
  <ItemGroup>
    <ClCompile Include="src\Gratify\Application.cpp">
      <Filter>Gratify</Filter>
    </ClCompile>
    <ClCompile Include="src\Gratify\Log.cpp">
      <Filter>Gratify</Filter>
    </ClCompile>
    <ClCompile Include="src\gfpch.cpp" />
  </ItemGroup>
</Project>